
Microsoft Visual Studio Solution File, Format Version 12.00
Project("{2150E333-8FDC-42A3-9474-1A3956D46DE8}") = "src", "src", "{9FD78024-DC86-44C2-888C-7DA352D07D1D}"
EndProject
Project("{FAE04EC0-301F-11D3-BF4B-00C04F79EFBC}") = "FazApp.Result", "src\FazApp.Result\FazApp.Result.csproj", "{ED9C6C9B-270E-42C3-A4B2-DFFB595BCACB}"
EndProject
Global
	GlobalSection(SolutionConfigurationPlatforms) = preSolution
		Debug|Any CPU = Debug|Any CPU
		Release|Any CPU = Release|Any CPU
	EndGlobalSection
	GlobalSection(ProjectConfigurationPlatforms) = postSolution
		{ED9C6C9B-270E-42C3-A4B2-DFFB595BCACB}.Debug|Any CPU.ActiveCfg = Debug|Any CPU
		{ED9C6C9B-270E-42C3-A4B2-DFFB595BCACB}.Debug|Any CPU.Build.0 = Debug|Any CPU
		{ED9C6C9B-270E-42C3-A4B2-DFFB595BCACB}.Release|Any CPU.ActiveCfg = Release|Any CPU
		{ED9C6C9B-270E-42C3-A4B2-DFFB595BCACB}.Release|Any CPU.Build.0 = Release|Any CPU
	EndGlobalSection
	GlobalSection(NestedProjects) = preSolution
		{ED9C6C9B-270E-42C3-A4B2-DFFB595BCACB} = {9FD78024-DC86-44C2-888C-7DA352D07D1D}
	EndGlobalSection
EndGlobal
